// !$*UTF8*$!
{
	archiveVersion = 1;
	classes = {
	};
	objectVersion = 50;
	objects = {

/* Begin PBXBuildFile section */
		37A4788D598BA45050B7D9D3 /* Pods_SpeedrunApp.framework in Frameworks */ = {isa = PBXBuildFile; fileRef = 4D4FC7B39783DEC8CBEE5C24 /* Pods_SpeedrunApp.framework */; };
		5500FB282195F8DC0079B15C /* AppDelegate.swift in Sources */ = {isa = PBXBuildFile; fileRef = 5500FB272195F8DC0079B15C /* AppDelegate.swift */; };
		5500FB2F2195F8DD0079B15C /* Assets.xcassets in Resources */ = {isa = PBXBuildFile; fileRef = 5500FB2E2195F8DD0079B15C /* Assets.xcassets */; };
		5500FB322195F8DD0079B15C /* LaunchScreen.storyboard in Resources */ = {isa = PBXBuildFile; fileRef = 5500FB302195F8DD0079B15C /* LaunchScreen.storyboard */; };
		553BB9252195FF35003164FC /* Wireframe.swift in Sources */ = {isa = PBXBuildFile; fileRef = 553BB91D2195FF35003164FC /* Wireframe.swift */; };
		553BB9262195FF35003164FC /* Navigation.swift in Sources */ = {isa = PBXBuildFile; fileRef = 553BB91E2195FF35003164FC /* Navigation.swift */; };
		553BB9272195FF35003164FC /* NavigationBar.swift in Sources */ = {isa = PBXBuildFile; fileRef = 553BB91F2195FF35003164FC /* NavigationBar.swift */; };
		553BB9282195FF35003164FC /* ObservableViewWireframe.swift in Sources */ = {isa = PBXBuildFile; fileRef = 553BB9212195FF35003164FC /* ObservableViewWireframe.swift */; };
		553BB9292195FF35003164FC /* ObserverPresenter.swift in Sources */ = {isa = PBXBuildFile; fileRef = 553BB9222195FF35003164FC /* ObserverPresenter.swift */; };
		553BB92A2195FF35003164FC /* ObservableViewController.swift in Sources */ = {isa = PBXBuildFile; fileRef = 553BB9232195FF35003164FC /* ObservableViewController.swift */; };
		553BB92B2195FF35003164FC /* BaseNavigationController.swift in Sources */ = {isa = PBXBuildFile; fileRef = 553BB9242195FF35003164FC /* BaseNavigationController.swift */; };
		553BB92E2195FFFF003164FC /* AppStyle.swift in Sources */ = {isa = PBXBuildFile; fileRef = 553BB92D2195FFFF003164FC /* AppStyle.swift */; };
		553BB93521960192003164FC /* SplashEventsHandler.swift in Sources */ = {isa = PBXBuildFile; fileRef = 553BB93121960191003164FC /* SplashEventsHandler.swift */; };
		553BB93621960192003164FC /* SplashWireframe.swift in Sources */ = {isa = PBXBuildFile; fileRef = 553BB93221960191003164FC /* SplashWireframe.swift */; };
		553BB93721960192003164FC /* SplashViewController.swift in Sources */ = {isa = PBXBuildFile; fileRef = 553BB93321960191003164FC /* SplashViewController.swift */; };
		553BB93821960192003164FC /* SplashViewController.xib in Resources */ = {isa = PBXBuildFile; fileRef = 553BB93421960191003164FC /* SplashViewController.xib */; };
		553BB93F21960582003164FC /* SpeedrunApi.swift in Sources */ = {isa = PBXBuildFile; fileRef = 553BB93A21960582003164FC /* SpeedrunApi.swift */; };
		553BB94021960582003164FC /* Api.swift in Sources */ = {isa = PBXBuildFile; fileRef = 553BB93B21960582003164FC /* Api.swift */; };
		553BB94121960582003164FC /* RxApi.swift in Sources */ = {isa = PBXBuildFile; fileRef = 553BB93C21960582003164FC /* RxApi.swift */; };
		553BB94221960582003164FC /* SpeedrunApi.plist in Resources */ = {isa = PBXBuildFile; fileRef = 553BB93E21960582003164FC /* SpeedrunApi.plist */; };
		553BB94621960652003164FC /* FetchGamesInteractor.swift in Sources */ = {isa = PBXBuildFile; fileRef = 553BB94521960652003164FC /* FetchGamesInteractor.swift */; };
		553BB94921960722003164FC /* Game.swift in Sources */ = {isa = PBXBuildFile; fileRef = 553BB94821960722003164FC /* Game.swift */; };
		553BB94C2196079C003164FC /* DictionaryHelper.swift in Sources */ = {isa = PBXBuildFile; fileRef = 553BB94B2196079C003164FC /* DictionaryHelper.swift */; };
		553BB94F2196083A003164FC /* GamesRepository.swift in Sources */ = {isa = PBXBuildFile; fileRef = 553BB94E2196083A003164FC /* GamesRepository.swift */; };
		553BB9522196085B003164FC /* AppState.swift in Sources */ = {isa = PBXBuildFile; fileRef = 553BB9512196085B003164FC /* AppState.swift */; };
		553BB95521960B61003164FC /* SplashEventsHandlerTests.swift in Sources */ = {isa = PBXBuildFile; fileRef = 553BB95421960B61003164FC /* SplashEventsHandlerTests.swift */; };
		553BB95821960CC1003164FC /* GameFactory.swift in Sources */ = {isa = PBXBuildFile; fileRef = 553BB95721960CC1003164FC /* GameFactory.swift */; };
		553BB95B21960D5C003164FC /* SplashWireframeTests.swift in Sources */ = {isa = PBXBuildFile; fileRef = 553BB95A21960D5C003164FC /* SplashWireframeTests.swift */; };
		553BB95F21960DBA003164FC /* FetchGamesInteractorTests.swift in Sources */ = {isa = PBXBuildFile; fileRef = 553BB95E21960DBA003164FC /* FetchGamesInteractorTests.swift */; };
		553BB96221960E5E003164FC /* StubHelper.swift in Sources */ = {isa = PBXBuildFile; fileRef = 553BB96121960E5E003164FC /* StubHelper.swift */; };
		553BB96521960F92003164FC /* GameTests.swift in Sources */ = {isa = PBXBuildFile; fileRef = 553BB96421960F92003164FC /* GameTests.swift */; };
		553BB96721961581003164FC /* GameToDisplay.swift in Sources */ = {isa = PBXBuildFile; fileRef = 553BB96621961581003164FC /* GameToDisplay.swift */; };
		553BB97121961BD3003164FC /* HomeViewController.xib in Resources */ = {isa = PBXBuildFile; fileRef = 553BB96921961BD2003164FC /* HomeViewController.xib */; };
		553BB97221961BD3003164FC /* HomeViewController.swift in Sources */ = {isa = PBXBuildFile; fileRef = 553BB96A21961BD2003164FC /* HomeViewController.swift */; };
		553BB97321961BD3003164FC /* HomeWireframe.swift in Sources */ = {isa = PBXBuildFile; fileRef = 553BB96B21961BD2003164FC /* HomeWireframe.swift */; };
		553BB97421961BD3003164FC /* GamesCollectionView.swift in Sources */ = {isa = PBXBuildFile; fileRef = 553BB96D21961BD2003164FC /* GamesCollectionView.swift */; };
		553BB97521961BD3003164FC /* GamesCollectionViewCell.xib in Resources */ = {isa = PBXBuildFile; fileRef = 553BB96E21961BD2003164FC /* GamesCollectionViewCell.xib */; };
		553BB97621961BD3003164FC /* GamesCollectionViewCell.swift in Sources */ = {isa = PBXBuildFile; fileRef = 553BB96F21961BD2003164FC /* GamesCollectionViewCell.swift */; };
		553BB97721961BD3003164FC /* HomePresenter.swift in Sources */ = {isa = PBXBuildFile; fileRef = 553BB97021961BD2003164FC /* HomePresenter.swift */; };
		553BB97921962F51003164FC /* HomeWireframeTests.swift in Sources */ = {isa = PBXBuildFile; fileRef = 553BB97821962F51003164FC /* HomeWireframeTests.swift */; };
		553BB97C2196310E003164FC /* HomePresenterTests.swift in Sources */ = {isa = PBXBuildFile; fileRef = 553BB97B2196310E003164FC /* HomePresenterTests.swift */; };
		553BB9822196FEDB003164FC /* GameDetailPresenter.swift in Sources */ = {isa = PBXBuildFile; fileRef = 553BB97E2196FEDB003164FC /* GameDetailPresenter.swift */; };
		553BB9832196FEDB003164FC /* GameDetailViewController.swift in Sources */ = {isa = PBXBuildFile; fileRef = 553BB97F2196FEDB003164FC /* GameDetailViewController.swift */; };
		553BB9842196FEDB003164FC /* GameDetailViewController.xib in Resources */ = {isa = PBXBuildFile; fileRef = 553BB9802196FEDB003164FC /* GameDetailViewController.xib */; };
		553BB9852196FEDB003164FC /* GameDetailWireframe.swift in Sources */ = {isa = PBXBuildFile; fileRef = 553BB9812196FEDB003164FC /* GameDetailWireframe.swift */; };
		553BB98721971B93003164FC /* GameDetailPresenterTests.swift in Sources */ = {isa = PBXBuildFile; fileRef = 553BB98621971B93003164FC /* GameDetailPresenterTests.swift */; };
		553BB98921971BE2003164FC /* GameDetailWireframeTests.swift in Sources */ = {isa = PBXBuildFile; fileRef = 553BB98821971BE2003164FC /* GameDetailWireframeTests.swift */; };
		553BB98B21973826003164FC /* FetchRunsInteractor.swift in Sources */ = {isa = PBXBuildFile; fileRef = 553BB98A21973826003164FC /* FetchRunsInteractor.swift */; };
		553BB98D21973892003164FC /* Run.swift in Sources */ = {isa = PBXBuildFile; fileRef = 553BB98C21973892003164FC /* Run.swift */; };
		553BB98F21973F05003164FC /* FetchRunsInteractorTests.swift in Sources */ = {isa = PBXBuildFile; fileRef = 553BB98E21973F05003164FC /* FetchRunsInteractorTests.swift */; };
		553BB99121973F39003164FC /* RunFactory.swift in Sources */ = {isa = PBXBuildFile; fileRef = 553BB99021973F39003164FC /* RunFactory.swift */; };
		553BB99321974765003164FC /* FetchPlayerForRunInteractor.swift in Sources */ = {isa = PBXBuildFile; fileRef = 553BB99221974765003164FC /* FetchPlayerForRunInteractor.swift */; };
		553BB995219747F9003164FC /* Player.swift in Sources */ = {isa = PBXBuildFile; fileRef = 553BB994219747F9003164FC /* Player.swift */; };
		553BB9972197494E003164FC /* FetchPlayerForRunInteractorTests.swift in Sources */ = {isa = PBXBuildFile; fileRef = 553BB9962197494E003164FC /* FetchPlayerForRunInteractorTests.swift */; };
		553BB9992197497A003164FC /* PlayerFactory.swift in Sources */ = {isa = PBXBuildFile; fileRef = 553BB9982197497A003164FC /* PlayerFactory.swift */; };
		553BB99B2197614B003164FC /* PlayerTests.swift in Sources */ = {isa = PBXBuildFile; fileRef = 553BB99A2197614B003164FC /* PlayerTests.swift */; };
		553BB99D219761ED003164FC /* RunTests.swift in Sources */ = {isa = PBXBuildFile; fileRef = 553BB99C219761ED003164FC /* RunTests.swift */; };
		E7A86041EA391D90D1613A02 /* Pods_SpeedrunAppTests.framework in Frameworks */ = {isa = PBXBuildFile; fileRef = 434120A7862E7657479E49C6 /* Pods_SpeedrunAppTests.framework */; };
/* End PBXBuildFile section */

/* Begin PBXContainerItemProxy section */
		5500FB392195F8DD0079B15C /* PBXContainerItemProxy */ = {
			isa = PBXContainerItemProxy;
			containerPortal = 5500FB1C2195F8DC0079B15C /* Project object */;
			proxyType = 1;
			remoteGlobalIDString = 5500FB232195F8DC0079B15C;
			remoteInfo = SpeedrunApp;
		};
/* End PBXContainerItemProxy section */

/* Begin PBXFileReference section */
		03F5030A93CD2F964DFDA880 /* Pods-SpeedrunApp.release.xcconfig */ = {isa = PBXFileReference; includeInIndex = 1; lastKnownFileType = text.xcconfig; name = "Pods-SpeedrunApp.release.xcconfig"; path = "Pods/Target Support Files/Pods-SpeedrunApp/Pods-SpeedrunApp.release.xcconfig"; sourceTree = "<group>"; };
		0973B6E5368654C4ECB8BB4B /* Pods-SpeedrunAppTests.release.xcconfig */ = {isa = PBXFileReference; includeInIndex = 1; lastKnownFileType = text.xcconfig; name = "Pods-SpeedrunAppTests.release.xcconfig"; path = "Pods/Target Support Files/Pods-SpeedrunAppTests/Pods-SpeedrunAppTests.release.xcconfig"; sourceTree = "<group>"; };
		429B6152CA9813B7AB4C2279 /* Pods-SpeedrunAppTests.debug.xcconfig */ = {isa = PBXFileReference; includeInIndex = 1; lastKnownFileType = text.xcconfig; name = "Pods-SpeedrunAppTests.debug.xcconfig"; path = "Pods/Target Support Files/Pods-SpeedrunAppTests/Pods-SpeedrunAppTests.debug.xcconfig"; sourceTree = "<group>"; };
		434120A7862E7657479E49C6 /* Pods_SpeedrunAppTests.framework */ = {isa = PBXFileReference; explicitFileType = wrapper.framework; includeInIndex = 0; path = Pods_SpeedrunAppTests.framework; sourceTree = BUILT_PRODUCTS_DIR; };
		4D4FC7B39783DEC8CBEE5C24 /* Pods_SpeedrunApp.framework */ = {isa = PBXFileReference; explicitFileType = wrapper.framework; includeInIndex = 0; path = Pods_SpeedrunApp.framework; sourceTree = BUILT_PRODUCTS_DIR; };
		5500FB242195F8DC0079B15C /* SpeedrunApp.app */ = {isa = PBXFileReference; explicitFileType = wrapper.application; includeInIndex = 0; path = SpeedrunApp.app; sourceTree = BUILT_PRODUCTS_DIR; };
		5500FB272195F8DC0079B15C /* AppDelegate.swift */ = {isa = PBXFileReference; lastKnownFileType = sourcecode.swift; path = AppDelegate.swift; sourceTree = "<group>"; };
		5500FB2E2195F8DD0079B15C /* Assets.xcassets */ = {isa = PBXFileReference; lastKnownFileType = folder.assetcatalog; path = Assets.xcassets; sourceTree = "<group>"; };
		5500FB312195F8DD0079B15C /* Base */ = {isa = PBXFileReference; lastKnownFileType = file.storyboard; name = Base; path = Base.lproj/LaunchScreen.storyboard; sourceTree = "<group>"; };
		5500FB332195F8DD0079B15C /* Info.plist */ = {isa = PBXFileReference; lastKnownFileType = text.plist.xml; path = Info.plist; sourceTree = "<group>"; };
		5500FB382195F8DD0079B15C /* SpeedrunAppTests.xctest */ = {isa = PBXFileReference; explicitFileType = wrapper.cfbundle; includeInIndex = 0; path = SpeedrunAppTests.xctest; sourceTree = BUILT_PRODUCTS_DIR; };
		5500FB3E2195F8DD0079B15C /* Info.plist */ = {isa = PBXFileReference; lastKnownFileType = text.plist.xml; path = Info.plist; sourceTree = "<group>"; };
		553BB91D2195FF35003164FC /* Wireframe.swift */ = {isa = PBXFileReference; fileEncoding = 4; lastKnownFileType = sourcecode.swift; path = Wireframe.swift; sourceTree = "<group>"; };
		553BB91E2195FF35003164FC /* Navigation.swift */ = {isa = PBXFileReference; fileEncoding = 4; lastKnownFileType = sourcecode.swift; path = Navigation.swift; sourceTree = "<group>"; };
		553BB91F2195FF35003164FC /* NavigationBar.swift */ = {isa = PBXFileReference; fileEncoding = 4; lastKnownFileType = sourcecode.swift; path = NavigationBar.swift; sourceTree = "<group>"; };
		553BB9212195FF35003164FC /* ObservableViewWireframe.swift */ = {isa = PBXFileReference; fileEncoding = 4; lastKnownFileType = sourcecode.swift; path = ObservableViewWireframe.swift; sourceTree = "<group>"; };
		553BB9222195FF35003164FC /* ObserverPresenter.swift */ = {isa = PBXFileReference; fileEncoding = 4; lastKnownFileType = sourcecode.swift; path = ObserverPresenter.swift; sourceTree = "<group>"; };
		553BB9232195FF35003164FC /* ObservableViewController.swift */ = {isa = PBXFileReference; fileEncoding = 4; lastKnownFileType = sourcecode.swift; path = ObservableViewController.swift; sourceTree = "<group>"; };
		553BB9242195FF35003164FC /* BaseNavigationController.swift */ = {isa = PBXFileReference; fileEncoding = 4; lastKnownFileType = sourcecode.swift; path = BaseNavigationController.swift; sourceTree = "<group>"; };
		553BB92D2195FFFF003164FC /* AppStyle.swift */ = {isa = PBXFileReference; fileEncoding = 4; lastKnownFileType = sourcecode.swift; path = AppStyle.swift; sourceTree = "<group>"; };
		553BB93121960191003164FC /* SplashEventsHandler.swift */ = {isa = PBXFileReference; fileEncoding = 4; lastKnownFileType = sourcecode.swift; path = SplashEventsHandler.swift; sourceTree = "<group>"; };
		553BB93221960191003164FC /* SplashWireframe.swift */ = {isa = PBXFileReference; fileEncoding = 4; lastKnownFileType = sourcecode.swift; path = SplashWireframe.swift; sourceTree = "<group>"; };
		553BB93321960191003164FC /* SplashViewController.swift */ = {isa = PBXFileReference; fileEncoding = 4; lastKnownFileType = sourcecode.swift; path = SplashViewController.swift; sourceTree = "<group>"; };
		553BB93421960191003164FC /* SplashViewController.xib */ = {isa = PBXFileReference; fileEncoding = 4; lastKnownFileType = file.xib; path = SplashViewController.xib; sourceTree = "<group>"; };
		553BB93A21960582003164FC /* SpeedrunApi.swift */ = {isa = PBXFileReference; fileEncoding = 4; lastKnownFileType = sourcecode.swift; path = SpeedrunApi.swift; sourceTree = "<group>"; };
		553BB93B21960582003164FC /* Api.swift */ = {isa = PBXFileReference; fileEncoding = 4; lastKnownFileType = sourcecode.swift; path = Api.swift; sourceTree = "<group>"; };
		553BB93C21960582003164FC /* RxApi.swift */ = {isa = PBXFileReference; fileEncoding = 4; lastKnownFileType = sourcecode.swift; path = RxApi.swift; sourceTree = "<group>"; };
		553BB93E21960582003164FC /* SpeedrunApi.plist */ = {isa = PBXFileReference; fileEncoding = 4; lastKnownFileType = text.plist.xml; path = SpeedrunApi.plist; sourceTree = "<group>"; };
		553BB94521960652003164FC /* FetchGamesInteractor.swift */ = {isa = PBXFileReference; lastKnownFileType = sourcecode.swift; path = FetchGamesInteractor.swift; sourceTree = "<group>"; };
		553BB94821960722003164FC /* Game.swift */ = {isa = PBXFileReference; lastKnownFileType = sourcecode.swift; path = Game.swift; sourceTree = "<group>"; };
		553BB94B2196079C003164FC /* DictionaryHelper.swift */ = {isa = PBXFileReference; lastKnownFileType = sourcecode.swift; path = DictionaryHelper.swift; sourceTree = "<group>"; };
		553BB94E2196083A003164FC /* GamesRepository.swift */ = {isa = PBXFileReference; lastKnownFileType = sourcecode.swift; path = GamesRepository.swift; sourceTree = "<group>"; };
		553BB9512196085B003164FC /* AppState.swift */ = {isa = PBXFileReference; lastKnownFileType = sourcecode.swift; path = AppState.swift; sourceTree = "<group>"; };
		553BB95421960B61003164FC /* SplashEventsHandlerTests.swift */ = {isa = PBXFileReference; lastKnownFileType = sourcecode.swift; path = SplashEventsHandlerTests.swift; sourceTree = "<group>"; };
		553BB95721960CC1003164FC /* GameFactory.swift */ = {isa = PBXFileReference; fileEncoding = 4; lastKnownFileType = sourcecode.swift; path = GameFactory.swift; sourceTree = "<group>"; };
		553BB95A21960D5C003164FC /* SplashWireframeTests.swift */ = {isa = PBXFileReference; lastKnownFileType = sourcecode.swift; path = SplashWireframeTests.swift; sourceTree = "<group>"; };
		553BB95E21960DBA003164FC /* FetchGamesInteractorTests.swift */ = {isa = PBXFileReference; lastKnownFileType = sourcecode.swift; path = FetchGamesInteractorTests.swift; sourceTree = "<group>"; };
		553BB96121960E5E003164FC /* StubHelper.swift */ = {isa = PBXFileReference; fileEncoding = 4; lastKnownFileType = sourcecode.swift; path = StubHelper.swift; sourceTree = "<group>"; };
		553BB96421960F92003164FC /* GameTests.swift */ = {isa = PBXFileReference; lastKnownFileType = sourcecode.swift; path = GameTests.swift; sourceTree = "<group>"; };
		553BB96621961581003164FC /* GameToDisplay.swift */ = {isa = PBXFileReference; lastKnownFileType = sourcecode.swift; path = GameToDisplay.swift; sourceTree = "<group>"; };
		553BB96921961BD2003164FC /* HomeViewController.xib */ = {isa = PBXFileReference; fileEncoding = 4; lastKnownFileType = file.xib; path = HomeViewController.xib; sourceTree = "<group>"; };
		553BB96A21961BD2003164FC /* HomeViewController.swift */ = {isa = PBXFileReference; fileEncoding = 4; lastKnownFileType = sourcecode.swift; path = HomeViewController.swift; sourceTree = "<group>"; };
		553BB96B21961BD2003164FC /* HomeWireframe.swift */ = {isa = PBXFileReference; fileEncoding = 4; lastKnownFileType = sourcecode.swift; path = HomeWireframe.swift; sourceTree = "<group>"; };
		553BB96D21961BD2003164FC /* GamesCollectionView.swift */ = {isa = PBXFileReference; fileEncoding = 4; lastKnownFileType = sourcecode.swift; path = GamesCollectionView.swift; sourceTree = "<group>"; };
		553BB96E21961BD2003164FC /* GamesCollectionViewCell.xib */ = {isa = PBXFileReference; fileEncoding = 4; lastKnownFileType = file.xib; path = GamesCollectionViewCell.xib; sourceTree = "<group>"; };
		553BB96F21961BD2003164FC /* GamesCollectionViewCell.swift */ = {isa = PBXFileReference; fileEncoding = 4; lastKnownFileType = sourcecode.swift; path = GamesCollectionViewCell.swift; sourceTree = "<group>"; };
		553BB97021961BD2003164FC /* HomePresenter.swift */ = {isa = PBXFileReference; fileEncoding = 4; lastKnownFileType = sourcecode.swift; path = HomePresenter.swift; sourceTree = "<group>"; };
		553BB97821962F51003164FC /* HomeWireframeTests.swift */ = {isa = PBXFileReference; lastKnownFileType = sourcecode.swift; path = HomeWireframeTests.swift; sourceTree = "<group>"; };
		553BB97B2196310E003164FC /* HomePresenterTests.swift */ = {isa = PBXFileReference; lastKnownFileType = sourcecode.swift; path = HomePresenterTests.swift; sourceTree = "<group>"; };
		553BB97E2196FEDB003164FC /* GameDetailPresenter.swift */ = {isa = PBXFileReference; fileEncoding = 4; lastKnownFileType = sourcecode.swift; path = GameDetailPresenter.swift; sourceTree = "<group>"; };
		553BB97F2196FEDB003164FC /* GameDetailViewController.swift */ = {isa = PBXFileReference; fileEncoding = 4; lastKnownFileType = sourcecode.swift; path = GameDetailViewController.swift; sourceTree = "<group>"; };
		553BB9802196FEDB003164FC /* GameDetailViewController.xib */ = {isa = PBXFileReference; fileEncoding = 4; lastKnownFileType = file.xib; path = GameDetailViewController.xib; sourceTree = "<group>"; };
		553BB9812196FEDB003164FC /* GameDetailWireframe.swift */ = {isa = PBXFileReference; fileEncoding = 4; lastKnownFileType = sourcecode.swift; path = GameDetailWireframe.swift; sourceTree = "<group>"; };
		553BB98621971B93003164FC /* GameDetailPresenterTests.swift */ = {isa = PBXFileReference; lastKnownFileType = sourcecode.swift; path = GameDetailPresenterTests.swift; sourceTree = "<group>"; };
		553BB98821971BE2003164FC /* GameDetailWireframeTests.swift */ = {isa = PBXFileReference; lastKnownFileType = sourcecode.swift; path = GameDetailWireframeTests.swift; sourceTree = "<group>"; };
		553BB98A21973826003164FC /* FetchRunsInteractor.swift */ = {isa = PBXFileReference; lastKnownFileType = sourcecode.swift; path = FetchRunsInteractor.swift; sourceTree = "<group>"; };
		553BB98C21973892003164FC /* Run.swift */ = {isa = PBXFileReference; lastKnownFileType = sourcecode.swift; path = Run.swift; sourceTree = "<group>"; };
		553BB98E21973F05003164FC /* FetchRunsInteractorTests.swift */ = {isa = PBXFileReference; lastKnownFileType = sourcecode.swift; path = FetchRunsInteractorTests.swift; sourceTree = "<group>"; };
		553BB99021973F39003164FC /* RunFactory.swift */ = {isa = PBXFileReference; lastKnownFileType = sourcecode.swift; path = RunFactory.swift; sourceTree = "<group>"; };
		553BB99221974765003164FC /* FetchPlayerForRunInteractor.swift */ = {isa = PBXFileReference; lastKnownFileType = sourcecode.swift; path = FetchPlayerForRunInteractor.swift; sourceTree = "<group>"; };
		553BB994219747F9003164FC /* Player.swift */ = {isa = PBXFileReference; lastKnownFileType = sourcecode.swift; path = Player.swift; sourceTree = "<group>"; };
		553BB9962197494E003164FC /* FetchPlayerForRunInteractorTests.swift */ = {isa = PBXFileReference; lastKnownFileType = sourcecode.swift; path = FetchPlayerForRunInteractorTests.swift; sourceTree = "<group>"; };
		553BB9982197497A003164FC /* PlayerFactory.swift */ = {isa = PBXFileReference; lastKnownFileType = sourcecode.swift; path = PlayerFactory.swift; sourceTree = "<group>"; };
		553BB99A2197614B003164FC /* PlayerTests.swift */ = {isa = PBXFileReference; lastKnownFileType = sourcecode.swift; path = PlayerTests.swift; sourceTree = "<group>"; };
		553BB99C219761ED003164FC /* RunTests.swift */ = {isa = PBXFileReference; lastKnownFileType = sourcecode.swift; path = RunTests.swift; sourceTree = "<group>"; };
		7BC0E90A970B17C98C042F70 /* Pods-SpeedrunApp.debug.xcconfig */ = {isa = PBXFileReference; includeInIndex = 1; lastKnownFileType = text.xcconfig; name = "Pods-SpeedrunApp.debug.xcconfig"; path = "Pods/Target Support Files/Pods-SpeedrunApp/Pods-SpeedrunApp.debug.xcconfig"; sourceTree = "<group>"; };
/* End PBXFileReference section */

/* Begin PBXFrameworksBuildPhase section */
		5500FB212195F8DC0079B15C /* Frameworks */ = {
			isa = PBXFrameworksBuildPhase;
			buildActionMask = 2147483647;
			files = (
				37A4788D598BA45050B7D9D3 /* Pods_SpeedrunApp.framework in Frameworks */,
			);
			runOnlyForDeploymentPostprocessing = 0;
		};
		5500FB352195F8DD0079B15C /* Frameworks */ = {
			isa = PBXFrameworksBuildPhase;
			buildActionMask = 2147483647;
			files = (
				E7A86041EA391D90D1613A02 /* Pods_SpeedrunAppTests.framework in Frameworks */,
			);
			runOnlyForDeploymentPostprocessing = 0;
		};
/* End PBXFrameworksBuildPhase section */

/* Begin PBXGroup section */
		5500FB1B2195F8DC0079B15C = {
			isa = PBXGroup;
			children = (
				5500FB262195F8DC0079B15C /* SpeedrunApp */,
				5500FB3B2195F8DD0079B15C /* SpeedrunAppTests */,
				5500FB252195F8DC0079B15C /* Products */,
				9E671DC5F71FDF39624CE1EE /* Pods */,
				C4C14CD6D530A0AC7172BBD3 /* Frameworks */,
			);
			indentWidth = 4;
			sourceTree = "<group>";
			tabWidth = 4;
		};
		5500FB252195F8DC0079B15C /* Products */ = {
			isa = PBXGroup;
			children = (
				5500FB242195F8DC0079B15C /* SpeedrunApp.app */,
				5500FB382195F8DD0079B15C /* SpeedrunAppTests.xctest */,
			);
			name = Products;
			sourceTree = "<group>";
		};
		5500FB262195F8DC0079B15C /* SpeedrunApp */ = {
			isa = PBXGroup;
			children = (
				553BB9502196084D003164FC /* States */,
				553BB94D21960827003164FC /* Repositories */,
				553BB94A21960786003164FC /* Helpers */,
				553BB9472196070F003164FC /* Entities */,
				553BB94321960635003164FC /* Interactors */,
				553BB93921960582003164FC /* Api */,
				553BB93D21960582003164FC /* Config */,
				553BB92C2195FFFF003164FC /* Styles */,
				553BB91C2195FF35003164FC /* Navigation */,
				553BB92F21960191003164FC /* Scenes */,
				5500FB272195F8DC0079B15C /* AppDelegate.swift */,
				5500FB2E2195F8DD0079B15C /* Assets.xcassets */,
				5500FB302195F8DD0079B15C /* LaunchScreen.storyboard */,
				5500FB332195F8DD0079B15C /* Info.plist */,
			);
			path = SpeedrunApp;
			sourceTree = "<group>";
		};
		5500FB3B2195F8DD0079B15C /* SpeedrunAppTests */ = {
			isa = PBXGroup;
			children = (
				553BB97A219630F0003164FC /* Presenters */,
				553BB96321960F85003164FC /* Entities */,
				553BB96021960E5E003164FC /* Helpers */,
				553BB95C21960D9B003164FC /* Interactors */,
				553BB95921960D4C003164FC /* Wireframes */,
				553BB95621960CC1003164FC /* Factories */,
				553BB95321960B3A003164FC /* EventsHandlers */,
				5500FB3E2195F8DD0079B15C /* Info.plist */,
			);
			path = SpeedrunAppTests;
			sourceTree = "<group>";
		};
		553BB91C2195FF35003164FC /* Navigation */ = {
			isa = PBXGroup;
			children = (
				553BB9202195FF35003164FC /* ObservableView */,
				553BB91D2195FF35003164FC /* Wireframe.swift */,
				553BB91E2195FF35003164FC /* Navigation.swift */,
				553BB91F2195FF35003164FC /* NavigationBar.swift */,
				553BB9242195FF35003164FC /* BaseNavigationController.swift */,
			);
			path = Navigation;
			sourceTree = "<group>";
		};
		553BB9202195FF35003164FC /* ObservableView */ = {
			isa = PBXGroup;
			children = (
				553BB9212195FF35003164FC /* ObservableViewWireframe.swift */,
				553BB9222195FF35003164FC /* ObserverPresenter.swift */,
				553BB9232195FF35003164FC /* ObservableViewController.swift */,
			);
			path = ObservableView;
			sourceTree = "<group>";
		};
		553BB92C2195FFFF003164FC /* Styles */ = {
			isa = PBXGroup;
			children = (
				553BB92D2195FFFF003164FC /* AppStyle.swift */,
			);
			path = Styles;
			sourceTree = "<group>";
		};
		553BB92F21960191003164FC /* Scenes */ = {
			isa = PBXGroup;
			children = (
				553BB97D2196FEDB003164FC /* GameDetail */,
				553BB96821961BD2003164FC /* Home */,
				553BB93021960191003164FC /* Splash */,
			);
			path = Scenes;
			sourceTree = "<group>";
		};
		553BB93021960191003164FC /* Splash */ = {
			isa = PBXGroup;
			children = (
				553BB93121960191003164FC /* SplashEventsHandler.swift */,
				553BB93221960191003164FC /* SplashWireframe.swift */,
				553BB93321960191003164FC /* SplashViewController.swift */,
				553BB93421960191003164FC /* SplashViewController.xib */,
			);
			path = Splash;
			sourceTree = "<group>";
		};
		553BB93921960582003164FC /* Api */ = {
			isa = PBXGroup;
			children = (
				553BB93A21960582003164FC /* SpeedrunApi.swift */,
				553BB93B21960582003164FC /* Api.swift */,
				553BB93C21960582003164FC /* RxApi.swift */,
			);
			path = Api;
			sourceTree = "<group>";
		};
		553BB93D21960582003164FC /* Config */ = {
			isa = PBXGroup;
			children = (
				553BB93E21960582003164FC /* SpeedrunApi.plist */,
			);
			path = Config;
			sourceTree = "<group>";
		};
		553BB94321960635003164FC /* Interactors */ = {
			isa = PBXGroup;
			children = (
				553BB9442196063D003164FC /* DataFetchers */,
			);
			path = Interactors;
			sourceTree = "<group>";
		};
		553BB9442196063D003164FC /* DataFetchers */ = {
			isa = PBXGroup;
			children = (
				553BB94521960652003164FC /* FetchGamesInteractor.swift */,
				553BB98A21973826003164FC /* FetchRunsInteractor.swift */,
				553BB99221974765003164FC /* FetchPlayerForRunInteractor.swift */,
			);
			path = DataFetchers;
			sourceTree = "<group>";
		};
		553BB9472196070F003164FC /* Entities */ = {
			isa = PBXGroup;
			children = (
				553BB94821960722003164FC /* Game.swift */,
				553BB96621961581003164FC /* GameToDisplay.swift */,
				553BB98C21973892003164FC /* Run.swift */,
				553BB994219747F9003164FC /* Player.swift */,
			);
			path = Entities;
			sourceTree = "<group>";
		};
		553BB94A21960786003164FC /* Helpers */ = {
			isa = PBXGroup;
			children = (
				553BB94B2196079C003164FC /* DictionaryHelper.swift */,
			);
			path = Helpers;
			sourceTree = "<group>";
		};
		553BB94D21960827003164FC /* Repositories */ = {
			isa = PBXGroup;
			children = (
				553BB94E2196083A003164FC /* GamesRepository.swift */,
			);
			path = Repositories;
			sourceTree = "<group>";
		};
		553BB9502196084D003164FC /* States */ = {
			isa = PBXGroup;
			children = (
				553BB9512196085B003164FC /* AppState.swift */,
			);
			path = States;
			sourceTree = "<group>";
		};
		553BB95321960B3A003164FC /* EventsHandlers */ = {
			isa = PBXGroup;
			children = (
				553BB95421960B61003164FC /* SplashEventsHandlerTests.swift */,
			);
			path = EventsHandlers;
			sourceTree = "<group>";
		};
		553BB95621960CC1003164FC /* Factories */ = {
			isa = PBXGroup;
			children = (
				553BB95721960CC1003164FC /* GameFactory.swift */,
				553BB99021973F39003164FC /* RunFactory.swift */,
				553BB9982197497A003164FC /* PlayerFactory.swift */,
			);
			path = Factories;
			sourceTree = "<group>";
		};
		553BB95921960D4C003164FC /* Wireframes */ = {
			isa = PBXGroup;
			children = (
				553BB95A21960D5C003164FC /* SplashWireframeTests.swift */,
				553BB97821962F51003164FC /* HomeWireframeTests.swift */,
				553BB98821971BE2003164FC /* GameDetailWireframeTests.swift */,
			);
			path = Wireframes;
			sourceTree = "<group>";
		};
		553BB95C21960D9B003164FC /* Interactors */ = {
			isa = PBXGroup;
			children = (
				553BB95D21960DA5003164FC /* DataFetchers */,
			);
			path = Interactors;
			sourceTree = "<group>";
		};
		553BB95D21960DA5003164FC /* DataFetchers */ = {
			isa = PBXGroup;
			children = (
				553BB95E21960DBA003164FC /* FetchGamesInteractorTests.swift */,
				553BB98E21973F05003164FC /* FetchRunsInteractorTests.swift */,
				553BB9962197494E003164FC /* FetchPlayerForRunInteractorTests.swift */,
			);
			path = DataFetchers;
			sourceTree = "<group>";
		};
		553BB96021960E5E003164FC /* Helpers */ = {
			isa = PBXGroup;
			children = (
				553BB96121960E5E003164FC /* StubHelper.swift */,
			);
			path = Helpers;
			sourceTree = "<group>";
		};
		553BB96321960F85003164FC /* Entities */ = {
			isa = PBXGroup;
			children = (
				553BB96421960F92003164FC /* GameTests.swift */,
				553BB99A2197614B003164FC /* PlayerTests.swift */,
				553BB99C219761ED003164FC /* RunTests.swift */,
			);
			path = Entities;
			sourceTree = "<group>";
		};
		553BB96821961BD2003164FC /* Home */ = {
			isa = PBXGroup;
			children = (
				553BB96C21961BD2003164FC /* GamesCollectionView */,
				553BB96921961BD2003164FC /* HomeViewController.xib */,
				553BB96A21961BD2003164FC /* HomeViewController.swift */,
				553BB96B21961BD2003164FC /* HomeWireframe.swift */,
				553BB97021961BD2003164FC /* HomePresenter.swift */,
			);
			path = Home;
			sourceTree = "<group>";
		};
		553BB96C21961BD2003164FC /* GamesCollectionView */ = {
			isa = PBXGroup;
			children = (
				553BB96D21961BD2003164FC /* GamesCollectionView.swift */,
				553BB96E21961BD2003164FC /* GamesCollectionViewCell.xib */,
				553BB96F21961BD2003164FC /* GamesCollectionViewCell.swift */,
			);
			path = GamesCollectionView;
			sourceTree = "<group>";
		};
		553BB97A219630F0003164FC /* Presenters */ = {
			isa = PBXGroup;
			children = (
				553BB97B2196310E003164FC /* HomePresenterTests.swift */,
				553BB98621971B93003164FC /* GameDetailPresenterTests.swift */,
			);
			path = Presenters;
			sourceTree = "<group>";
		};
		553BB97D2196FEDB003164FC /* GameDetail */ = {
			isa = PBXGroup;
			children = (
				553BB97E2196FEDB003164FC /* GameDetailPresenter.swift */,
				553BB97F2196FEDB003164FC /* GameDetailViewController.swift */,
				553BB9802196FEDB003164FC /* GameDetailViewController.xib */,
				553BB9812196FEDB003164FC /* GameDetailWireframe.swift */,
			);
			path = GameDetail;
			sourceTree = "<group>";
		};
		9E671DC5F71FDF39624CE1EE /* Pods */ = {
			isa = PBXGroup;
			children = (
				7BC0E90A970B17C98C042F70 /* Pods-SpeedrunApp.debug.xcconfig */,
				03F5030A93CD2F964DFDA880 /* Pods-SpeedrunApp.release.xcconfig */,
				429B6152CA9813B7AB4C2279 /* Pods-SpeedrunAppTests.debug.xcconfig */,
				0973B6E5368654C4ECB8BB4B /* Pods-SpeedrunAppTests.release.xcconfig */,
			);
			name = Pods;
			sourceTree = "<group>";
		};
		C4C14CD6D530A0AC7172BBD3 /* Frameworks */ = {
			isa = PBXGroup;
			children = (
				4D4FC7B39783DEC8CBEE5C24 /* Pods_SpeedrunApp.framework */,
				434120A7862E7657479E49C6 /* Pods_SpeedrunAppTests.framework */,
			);
			name = Frameworks;
			sourceTree = "<group>";
		};
/* End PBXGroup section */

/* Begin PBXNativeTarget section */
		5500FB232195F8DC0079B15C /* SpeedrunApp */ = {
			isa = PBXNativeTarget;
			buildConfigurationList = 5500FB412195F8DD0079B15C /* Build configuration list for PBXNativeTarget "SpeedrunApp" */;
			buildPhases = (
				CAA220AE1C89E07CC83B7853 /* [CP] Check Pods Manifest.lock */,
				5500FB202195F8DC0079B15C /* Sources */,
				5500FB212195F8DC0079B15C /* Frameworks */,
				5500FB222195F8DC0079B15C /* Resources */,
				898F82D85EC04C280E4775D6 /* [CP] Embed Pods Frameworks */,
			);
			buildRules = (
			);
			dependencies = (
			);
			name = SpeedrunApp;
			productName = SpeedrunApp;
			productReference = 5500FB242195F8DC0079B15C /* SpeedrunApp.app */;
			productType = "com.apple.product-type.application";
		};
		5500FB372195F8DD0079B15C /* SpeedrunAppTests */ = {
			isa = PBXNativeTarget;
			buildConfigurationList = 5500FB442195F8DD0079B15C /* Build configuration list for PBXNativeTarget "SpeedrunAppTests" */;
			buildPhases = (
				A22D6DD93EBB35AD5A2404F6 /* [CP] Check Pods Manifest.lock */,
				5500FB342195F8DD0079B15C /* Sources */,
				5500FB352195F8DD0079B15C /* Frameworks */,
				5500FB362195F8DD0079B15C /* Resources */,
				F93F404A6E772E5D2E47AF42 /* [CP] Embed Pods Frameworks */,
			);
			buildRules = (
			);
			dependencies = (
				5500FB3A2195F8DD0079B15C /* PBXTargetDependency */,
			);
			name = SpeedrunAppTests;
			productName = SpeedrunAppTests;
			productReference = 5500FB382195F8DD0079B15C /* SpeedrunAppTests.xctest */;
			productType = "com.apple.product-type.bundle.unit-test";
		};
/* End PBXNativeTarget section */

/* Begin PBXProject section */
		5500FB1C2195F8DC0079B15C /* Project object */ = {
			isa = PBXProject;
			attributes = {
				LastSwiftUpdateCheck = 1000;
				LastUpgradeCheck = 1000;
				ORGANIZATIONNAME = "Felipe Ferrari";
				TargetAttributes = {
					5500FB232195F8DC0079B15C = {
						CreatedOnToolsVersion = 10.0;
					};
					5500FB372195F8DD0079B15C = {
						CreatedOnToolsVersion = 10.0;
						TestTargetID = 5500FB232195F8DC0079B15C;
					};
				};
			};
			buildConfigurationList = 5500FB1F2195F8DC0079B15C /* Build configuration list for PBXProject "SpeedrunApp" */;
			compatibilityVersion = "Xcode 9.3";
			developmentRegion = en;
			hasScannedForEncodings = 0;
			knownRegions = (
				en,
				Base,
			);
			mainGroup = 5500FB1B2195F8DC0079B15C;
			productRefGroup = 5500FB252195F8DC0079B15C /* Products */;
			projectDirPath = "";
			projectRoot = "";
			targets = (
				5500FB232195F8DC0079B15C /* SpeedrunApp */,
				5500FB372195F8DD0079B15C /* SpeedrunAppTests */,
			);
		};
/* End PBXProject section */

/* Begin PBXResourcesBuildPhase section */
		5500FB222195F8DC0079B15C /* Resources */ = {
			isa = PBXResourcesBuildPhase;
			buildActionMask = 2147483647;
			files = (
				5500FB322195F8DD0079B15C /* LaunchScreen.storyboard in Resources */,
				553BB93821960192003164FC /* SplashViewController.xib in Resources */,
				553BB9842196FEDB003164FC /* GameDetailViewController.xib in Resources */,
				553BB97121961BD3003164FC /* HomeViewController.xib in Resources */,
				5500FB2F2195F8DD0079B15C /* Assets.xcassets in Resources */,
				553BB97521961BD3003164FC /* GamesCollectionViewCell.xib in Resources */,
				553BB94221960582003164FC /* SpeedrunApi.plist in Resources */,
			);
			runOnlyForDeploymentPostprocessing = 0;
		};
		5500FB362195F8DD0079B15C /* Resources */ = {
			isa = PBXResourcesBuildPhase;
			buildActionMask = 2147483647;
			files = (
			);
			runOnlyForDeploymentPostprocessing = 0;
		};
/* End PBXResourcesBuildPhase section */

/* Begin PBXShellScriptBuildPhase section */
		898F82D85EC04C280E4775D6 /* [CP] Embed Pods Frameworks */ = {
			isa = PBXShellScriptBuildPhase;
			buildActionMask = 2147483647;
			files = (
			);
			inputFileListPaths = (
			);
			inputPaths = (
				"${SRCROOT}/Pods/Target Support Files/Pods-SpeedrunApp/Pods-SpeedrunApp-frameworks.sh",
				"${BUILT_PRODUCTS_DIR}/Alamofire/Alamofire.framework",
				"${BUILT_PRODUCTS_DIR}/Kingfisher/Kingfisher.framework",
				"${BUILT_PRODUCTS_DIR}/RxCocoa/RxCocoa.framework",
				"${BUILT_PRODUCTS_DIR}/RxSwift/RxSwift.framework",
			);
			name = "[CP] Embed Pods Frameworks";
			outputFileListPaths = (
			);
			outputPaths = (
				"${TARGET_BUILD_DIR}/${FRAMEWORKS_FOLDER_PATH}/Alamofire.framework",
				"${TARGET_BUILD_DIR}/${FRAMEWORKS_FOLDER_PATH}/Kingfisher.framework",
				"${TARGET_BUILD_DIR}/${FRAMEWORKS_FOLDER_PATH}/RxCocoa.framework",
				"${TARGET_BUILD_DIR}/${FRAMEWORKS_FOLDER_PATH}/RxSwift.framework",
			);
			runOnlyForDeploymentPostprocessing = 0;
			shellPath = /bin/sh;
			shellScript = "\"${SRCROOT}/Pods/Target Support Files/Pods-SpeedrunApp/Pods-SpeedrunApp-frameworks.sh\"\n";
			showEnvVarsInLog = 0;
		};
		A22D6DD93EBB35AD5A2404F6 /* [CP] Check Pods Manifest.lock */ = {
			isa = PBXShellScriptBuildPhase;
			buildActionMask = 2147483647;
			files = (
			);
			inputFileListPaths = (
			);
			inputPaths = (
				"${PODS_PODFILE_DIR_PATH}/Podfile.lock",
				"${PODS_ROOT}/Manifest.lock",
			);
			name = "[CP] Check Pods Manifest.lock";
			outputFileListPaths = (
			);
			outputPaths = (
				"$(DERIVED_FILE_DIR)/Pods-SpeedrunAppTests-checkManifestLockResult.txt",
			);
			runOnlyForDeploymentPostprocessing = 0;
			shellPath = /bin/sh;
			shellScript = "diff \"${PODS_PODFILE_DIR_PATH}/Podfile.lock\" \"${PODS_ROOT}/Manifest.lock\" > /dev/null\nif [ $? != 0 ] ; then\n    # print error to STDERR\n    echo \"error: The sandbox is not in sync with the Podfile.lock. Run 'pod install' or update your CocoaPods installation.\" >&2\n    exit 1\nfi\n# This output is used by Xcode 'outputs' to avoid re-running this script phase.\necho \"SUCCESS\" > \"${SCRIPT_OUTPUT_FILE_0}\"\n";
			showEnvVarsInLog = 0;
		};
		CAA220AE1C89E07CC83B7853 /* [CP] Check Pods Manifest.lock */ = {
			isa = PBXShellScriptBuildPhase;
			buildActionMask = 2147483647;
			files = (
			);
			inputFileListPaths = (
			);
			inputPaths = (
				"${PODS_PODFILE_DIR_PATH}/Podfile.lock",
				"${PODS_ROOT}/Manifest.lock",
			);
			name = "[CP] Check Pods Manifest.lock";
			outputFileListPaths = (
			);
			outputPaths = (
				"$(DERIVED_FILE_DIR)/Pods-SpeedrunApp-checkManifestLockResult.txt",
			);
			runOnlyForDeploymentPostprocessing = 0;
			shellPath = /bin/sh;
			shellScript = "diff \"${PODS_PODFILE_DIR_PATH}/Podfile.lock\" \"${PODS_ROOT}/Manifest.lock\" > /dev/null\nif [ $? != 0 ] ; then\n    # print error to STDERR\n    echo \"error: The sandbox is not in sync with the Podfile.lock. Run 'pod install' or update your CocoaPods installation.\" >&2\n    exit 1\nfi\n# This output is used by Xcode 'outputs' to avoid re-running this script phase.\necho \"SUCCESS\" > \"${SCRIPT_OUTPUT_FILE_0}\"\n";
			showEnvVarsInLog = 0;
		};
		F93F404A6E772E5D2E47AF42 /* [CP] Embed Pods Frameworks */ = {
			isa = PBXShellScriptBuildPhase;
			buildActionMask = 2147483647;
			files = (
			);
			inputFileListPaths = (
			);
			inputPaths = (
				"${SRCROOT}/Pods/Target Support Files/Pods-SpeedrunAppTests/Pods-SpeedrunAppTests-frameworks.sh",
				"${BUILT_PRODUCTS_DIR}/RxSwift/RxSwift.framework",
				"${BUILT_PRODUCTS_DIR}/Mockingjay/Mockingjay.framework",
				"${BUILT_PRODUCTS_DIR}/Nimble/Nimble.framework",
				"${BUILT_PRODUCTS_DIR}/Quick/Quick.framework",
				"${BUILT_PRODUCTS_DIR}/RxBlocking/RxBlocking.framework",
				"${BUILT_PRODUCTS_DIR}/RxNimble/RxNimble.framework",
				"${BUILT_PRODUCTS_DIR}/URITemplate/URITemplate.framework",
			);
			name = "[CP] Embed Pods Frameworks";
			outputFileListPaths = (
			);
			outputPaths = (
				"${TARGET_BUILD_DIR}/${FRAMEWORKS_FOLDER_PATH}/RxSwift.framework",
				"${TARGET_BUILD_DIR}/${FRAMEWORKS_FOLDER_PATH}/Mockingjay.framework",
				"${TARGET_BUILD_DIR}/${FRAMEWORKS_FOLDER_PATH}/Nimble.framework",
				"${TARGET_BUILD_DIR}/${FRAMEWORKS_FOLDER_PATH}/Quick.framework",
				"${TARGET_BUILD_DIR}/${FRAMEWORKS_FOLDER_PATH}/RxBlocking.framework",
				"${TARGET_BUILD_DIR}/${FRAMEWORKS_FOLDER_PATH}/RxNimble.framework",
				"${TARGET_BUILD_DIR}/${FRAMEWORKS_FOLDER_PATH}/URITemplate.framework",
			);
			runOnlyForDeploymentPostprocessing = 0;
			shellPath = /bin/sh;
			shellScript = "\"${SRCROOT}/Pods/Target Support Files/Pods-SpeedrunAppTests/Pods-SpeedrunAppTests-frameworks.sh\"\n";
			showEnvVarsInLog = 0;
		};
/* End PBXShellScriptBuildPhase section */

/* Begin PBXSourcesBuildPhase section */
		5500FB202195F8DC0079B15C /* Sources */ = {
			isa = PBXSourcesBuildPhase;
			buildActionMask = 2147483647;
			files = (
				553BB92B2195FF35003164FC /* BaseNavigationController.swift in Sources */,
				553BB9262195FF35003164FC /* Navigation.swift in Sources */,
				553BB93521960192003164FC /* SplashEventsHandler.swift in Sources */,
				553BB93721960192003164FC /* SplashViewController.swift in Sources */,
				553BB92A2195FF35003164FC /* ObservableViewController.swift in Sources */,
				553BB94121960582003164FC /* RxApi.swift in Sources */,
				553BB96721961581003164FC /* GameToDisplay.swift in Sources */,
				553BB97321961BD3003164FC /* HomeWireframe.swift in Sources */,
				553BB9822196FEDB003164FC /* GameDetailPresenter.swift in Sources */,
				553BB97221961BD3003164FC /* HomeViewController.swift in Sources */,
				553BB97721961BD3003164FC /* HomePresenter.swift in Sources */,
				553BB93F21960582003164FC /* SpeedrunApi.swift in Sources */,
				553BB9832196FEDB003164FC /* GameDetailViewController.swift in Sources */,
				553BB94621960652003164FC /* FetchGamesInteractor.swift in Sources */,
				553BB9252195FF35003164FC /* Wireframe.swift in Sources */,
				553BB9282195FF35003164FC /* ObservableViewWireframe.swift in Sources */,
				5500FB282195F8DC0079B15C /* AppDelegate.swift in Sources */,
				553BB9522196085B003164FC /* AppState.swift in Sources */,
				553BB92E2195FFFF003164FC /* AppStyle.swift in Sources */,
				553BB97421961BD3003164FC /* GamesCollectionView.swift in Sources */,
				553BB94F2196083A003164FC /* GamesRepository.swift in Sources */,
				553BB98B21973826003164FC /* FetchRunsInteractor.swift in Sources */,
				553BB995219747F9003164FC /* Player.swift in Sources */,
				553BB99321974765003164FC /* FetchPlayerForRunInteractor.swift in Sources */,
				553BB93621960192003164FC /* SplashWireframe.swift in Sources */,
				553BB94921960722003164FC /* Game.swift in Sources */,
				553BB98D21973892003164FC /* Run.swift in Sources */,
				553BB9292195FF35003164FC /* ObserverPresenter.swift in Sources */,
				553BB97621961BD3003164FC /* GamesCollectionViewCell.swift in Sources */,
				553BB9852196FEDB003164FC /* GameDetailWireframe.swift in Sources */,
				553BB94021960582003164FC /* Api.swift in Sources */,
				553BB9272195FF35003164FC /* NavigationBar.swift in Sources */,
				553BB94C2196079C003164FC /* DictionaryHelper.swift in Sources */,
			);
			runOnlyForDeploymentPostprocessing = 0;
		};
		5500FB342195F8DD0079B15C /* Sources */ = {
			isa = PBXSourcesBuildPhase;
			buildActionMask = 2147483647;
			files = (
				553BB95521960B61003164FC /* SplashEventsHandlerTests.swift in Sources */,
				553BB99D219761ED003164FC /* RunTests.swift in Sources */,
				553BB96221960E5E003164FC /* StubHelper.swift in Sources */,
				553BB97921962F51003164FC /* HomeWireframeTests.swift in Sources */,
				553BB96521960F92003164FC /* GameTests.swift in Sources */,
				553BB99121973F39003164FC /* RunFactory.swift in Sources */,
				553BB98721971B93003164FC /* GameDetailPresenterTests.swift in Sources */,
				553BB98921971BE2003164FC /* GameDetailWireframeTests.swift in Sources */,
				553BB9992197497A003164FC /* PlayerFactory.swift in Sources */,
				553BB95B21960D5C003164FC /* SplashWireframeTests.swift in Sources */,
				553BB95821960CC1003164FC /* GameFactory.swift in Sources */,
				553BB99B2197614B003164FC /* PlayerTests.swift in Sources */,
				553BB98F21973F05003164FC /* FetchRunsInteractorTests.swift in Sources */,
				553BB95F21960DBA003164FC /* FetchGamesInteractorTests.swift in Sources */,
				553BB9972197494E003164FC /* FetchPlayerForRunInteractorTests.swift in Sources */,
				553BB97C2196310E003164FC /* HomePresenterTests.swift in Sources */,
			);
			runOnlyForDeploymentPostprocessing = 0;
		};
/* End PBXSourcesBuildPhase section */

/* Begin PBXTargetDependency section */
		5500FB3A2195F8DD0079B15C /* PBXTargetDependency */ = {
			isa = PBXTargetDependency;
			target = 5500FB232195F8DC0079B15C /* SpeedrunApp */;
			targetProxy = 5500FB392195F8DD0079B15C /* PBXContainerItemProxy */;
		};
/* End PBXTargetDependency section */

/* Begin PBXVariantGroup section */
		5500FB302195F8DD0079B15C /* LaunchScreen.storyboard */ = {
			isa = PBXVariantGroup;
			children = (
				5500FB312195F8DD0079B15C /* Base */,
			);
			name = LaunchScreen.storyboard;
			sourceTree = "<group>";
		};
/* End PBXVariantGroup section */

/* Begin XCBuildConfiguration section */
		5500FB3F2195F8DD0079B15C /* Debug */ = {
			isa = XCBuildConfiguration;
			buildSettings = {
				ALWAYS_SEARCH_USER_PATHS = NO;
				CLANG_ANALYZER_NONNULL = YES;
				CLANG_ANALYZER_NUMBER_OBJECT_CONVERSION = YES_AGGRESSIVE;
				CLANG_CXX_LANGUAGE_STANDARD = "gnu++14";
				CLANG_CXX_LIBRARY = "libc++";
				CLANG_ENABLE_MODULES = YES;
				CLANG_ENABLE_OBJC_ARC = YES;
				CLANG_ENABLE_OBJC_WEAK = YES;
				CLANG_WARN_BLOCK_CAPTURE_AUTORELEASING = YES;
				CLANG_WARN_BOOL_CONVERSION = YES;
				CLANG_WARN_COMMA = YES;
				CLANG_WARN_CONSTANT_CONVERSION = YES;
				CLANG_WARN_DEPRECATED_OBJC_IMPLEMENTATIONS = YES;
				CLANG_WARN_DIRECT_OBJC_ISA_USAGE = YES_ERROR;
				CLANG_WARN_DOCUMENTATION_COMMENTS = YES;
				CLANG_WARN_EMPTY_BODY = YES;
				CLANG_WARN_ENUM_CONVERSION = YES;
				CLANG_WARN_INFINITE_RECURSION = YES;
				CLANG_WARN_INT_CONVERSION = YES;
				CLANG_WARN_NON_LITERAL_NULL_CONVERSION = YES;
				CLANG_WARN_OBJC_IMPLICIT_RETAIN_SELF = YES;
				CLANG_WARN_OBJC_LITERAL_CONVERSION = YES;
				CLANG_WARN_OBJC_ROOT_CLASS = YES_ERROR;
				CLANG_WARN_RANGE_LOOP_ANALYSIS = YES;
				CLANG_WARN_STRICT_PROTOTYPES = YES;
				CLANG_WARN_SUSPICIOUS_MOVE = YES;
				CLANG_WARN_UNGUARDED_AVAILABILITY = YES_AGGRESSIVE;
				CLANG_WARN_UNREACHABLE_CODE = YES;
				CLANG_WARN__DUPLICATE_METHOD_MATCH = YES;
				CODE_SIGN_IDENTITY = "iPhone Developer";
				COPY_PHASE_STRIP = NO;
				DEBUG_INFORMATION_FORMAT = dwarf;
				ENABLE_STRICT_OBJC_MSGSEND = YES;
				ENABLE_TESTABILITY = YES;
				GCC_C_LANGUAGE_STANDARD = gnu11;
				GCC_DYNAMIC_NO_PIC = NO;
				GCC_NO_COMMON_BLOCKS = YES;
				GCC_OPTIMIZATION_LEVEL = 0;
				GCC_PREPROCESSOR_DEFINITIONS = (
					"DEBUG=1",
					"$(inherited)",
				);
				GCC_WARN_64_TO_32_BIT_CONVERSION = YES;
				GCC_WARN_ABOUT_RETURN_TYPE = YES_ERROR;
				GCC_WARN_UNDECLARED_SELECTOR = YES;
				GCC_WARN_UNINITIALIZED_AUTOS = YES_AGGRESSIVE;
				GCC_WARN_UNUSED_FUNCTION = YES;
				GCC_WARN_UNUSED_VARIABLE = YES;
				IPHONEOS_DEPLOYMENT_TARGET = 12.0;
				MTL_ENABLE_DEBUG_INFO = INCLUDE_SOURCE;
				MTL_FAST_MATH = YES;
				ONLY_ACTIVE_ARCH = YES;
				SDKROOT = iphoneos;
				SWIFT_ACTIVE_COMPILATION_CONDITIONS = DEBUG;
				SWIFT_OPTIMIZATION_LEVEL = "-Onone";
			};
			name = Debug;
		};
		5500FB402195F8DD0079B15C /* Release */ = {
			isa = XCBuildConfiguration;
			buildSettings = {
				ALWAYS_SEARCH_USER_PATHS = NO;
				CLANG_ANALYZER_NONNULL = YES;
				CLANG_ANALYZER_NUMBER_OBJECT_CONVERSION = YES_AGGRESSIVE;
				CLANG_CXX_LANGUAGE_STANDARD = "gnu++14";
				CLANG_CXX_LIBRARY = "libc++";
				CLANG_ENABLE_MODULES = YES;
				CLANG_ENABLE_OBJC_ARC = YES;
				CLANG_ENABLE_OBJC_WEAK = YES;
				CLANG_WARN_BLOCK_CAPTURE_AUTORELEASING = YES;
				CLANG_WARN_BOOL_CONVERSION = YES;
				CLANG_WARN_COMMA = YES;
				CLANG_WARN_CONSTANT_CONVERSION = YES;
				CLANG_WARN_DEPRECATED_OBJC_IMPLEMENTATIONS = YES;
				CLANG_WARN_DIRECT_OBJC_ISA_USAGE = YES_ERROR;
				CLANG_WARN_DOCUMENTATION_COMMENTS = YES;
				CLANG_WARN_EMPTY_BODY = YES;
				CLANG_WARN_ENUM_CONVERSION = YES;
				CLANG_WARN_INFINITE_RECURSION = YES;
				CLANG_WARN_INT_CONVERSION = YES;
				CLANG_WARN_NON_LITERAL_NULL_CONVERSION = YES;
				CLANG_WARN_OBJC_IMPLICIT_RETAIN_SELF = YES;
				CLANG_WARN_OBJC_LITERAL_CONVERSION = YES;
				CLANG_WARN_OBJC_ROOT_CLASS = YES_ERROR;
				CLANG_WARN_RANGE_LOOP_ANALYSIS = YES;
				CLANG_WARN_STRICT_PROTOTYPES = YES;
				CLANG_WARN_SUSPICIOUS_MOVE = YES;
				CLANG_WARN_UNGUARDED_AVAILABILITY = YES_AGGRESSIVE;
				CLANG_WARN_UNREACHABLE_CODE = YES;
				CLANG_WARN__DUPLICATE_METHOD_MATCH = YES;
				CODE_SIGN_IDENTITY = "iPhone Developer";
				COPY_PHASE_STRIP = NO;
				DEBUG_INFORMATION_FORMAT = "dwarf-with-dsym";
				ENABLE_NS_ASSERTIONS = NO;
				ENABLE_STRICT_OBJC_MSGSEND = YES;
				GCC_C_LANGUAGE_STANDARD = gnu11;
				GCC_NO_COMMON_BLOCKS = YES;
				GCC_WARN_64_TO_32_BIT_CONVERSION = YES;
				GCC_WARN_ABOUT_RETURN_TYPE = YES_ERROR;
				GCC_WARN_UNDECLARED_SELECTOR = YES;
				GCC_WARN_UNINITIALIZED_AUTOS = YES_AGGRESSIVE;
				GCC_WARN_UNUSED_FUNCTION = YES;
				GCC_WARN_UNUSED_VARIABLE = YES;
				IPHONEOS_DEPLOYMENT_TARGET = 12.0;
				MTL_ENABLE_DEBUG_INFO = NO;
				MTL_FAST_MATH = YES;
				SDKROOT = iphoneos;
				SWIFT_COMPILATION_MODE = wholemodule;
				SWIFT_OPTIMIZATION_LEVEL = "-O";
				VALIDATE_PRODUCT = YES;
			};
			name = Release;
		};
		5500FB422195F8DD0079B15C /* Debug */ = {
			isa = XCBuildConfiguration;
			baseConfigurationReference = 7BC0E90A970B17C98C042F70 /* Pods-SpeedrunApp.debug.xcconfig */;
			buildSettings = {
				ASSETCATALOG_COMPILER_APPICON_NAME = AppIcon;
				CODE_SIGN_STYLE = Automatic;
				DEVELOPMENT_TEAM = 98WM35QV62;
				INFOPLIST_FILE = SpeedrunApp/Info.plist;
				LD_RUNPATH_SEARCH_PATHS = (
					"$(inherited)",
					"@executable_path/Frameworks",
				);
				PRODUCT_BUNDLE_IDENTIFIER = com.fmferrari.SpeedrunApp;
				PRODUCT_NAME = "$(TARGET_NAME)";
				SWIFT_VERSION = 4.2;
				TARGETED_DEVICE_FAMILY = "1,2";
			};
			name = Debug;
		};
		5500FB432195F8DD0079B15C /* Release */ = {
			isa = XCBuildConfiguration;
			baseConfigurationReference = 03F5030A93CD2F964DFDA880 /* Pods-SpeedrunApp.release.xcconfig */;
			buildSettings = {
				ASSETCATALOG_COMPILER_APPICON_NAME = AppIcon;
				CODE_SIGN_STYLE = Automatic;
				DEVELOPMENT_TEAM = 98WM35QV62;
				INFOPLIST_FILE = SpeedrunApp/Info.plist;
				LD_RUNPATH_SEARCH_PATHS = (
					"$(inherited)",
					"@executable_path/Frameworks",
				);
				PRODUCT_BUNDLE_IDENTIFIER = com.fmferrari.SpeedrunApp;
				PRODUCT_NAME = "$(TARGET_NAME)";
				SWIFT_VERSION = 4.2;
				TARGETED_DEVICE_FAMILY = "1,2";
			};
			name = Release;
		};
		5500FB452195F8DD0079B15C /* Debug */ = {
			isa = XCBuildConfiguration;
			baseConfigurationReference = 429B6152CA9813B7AB4C2279 /* Pods-SpeedrunAppTests.debug.xcconfig */;
			buildSettings = {
				ALWAYS_EMBED_SWIFT_STANDARD_LIBRARIES = YES;
				BUNDLE_LOADER = "$(TEST_HOST)";
				CODE_SIGN_STYLE = Automatic;
				DEVELOPMENT_TEAM = 98WM35QV62;
				INFOPLIST_FILE = SpeedrunAppTests/Info.plist;
				LD_RUNPATH_SEARCH_PATHS = (
					"$(inherited)",
					"@executable_path/Frameworks",
					"@loader_path/Frameworks",
				);
				PRODUCT_BUNDLE_IDENTIFIER = com.fmferrari.SpeedrunAppTests;
				PRODUCT_NAME = "$(TARGET_NAME)";
				SWIFT_VERSION = 4.2;
				TARGETED_DEVICE_FAMILY = "1,2";
				TEST_HOST = "$(BUILT_PRODUCTS_DIR)/SpeedrunApp.app/SpeedrunApp";
			};
			name = Debug;
		};
		5500FB462195F8DD0079B15C /* Release */ = {
			isa = XCBuildConfiguration;
			baseConfigurationReference = 0973B6E5368654C4ECB8BB4B /* Pods-SpeedrunAppTests.release.xcconfig */;
			buildSettings = {
				ALWAYS_EMBED_SWIFT_STANDARD_LIBRARIES = YES;
				BUNDLE_LOADER = "$(TEST_HOST)";
				CODE_SIGN_STYLE = Automatic;
				DEVELOPMENT_TEAM = 98WM35QV62;
				INFOPLIST_FILE = SpeedrunAppTests/Info.plist;
				LD_RUNPATH_SEARCH_PATHS = (
					"$(inherited)",
					"@executable_path/Frameworks",
					"@loader_path/Frameworks",
				);
				PRODUCT_BUNDLE_IDENTIFIER = com.fmferrari.SpeedrunAppTests;
				PRODUCT_NAME = "$(TARGET_NAME)";
				SWIFT_VERSION = 4.2;
				TARGETED_DEVICE_FAMILY = "1,2";
				TEST_HOST = "$(BUILT_PRODUCTS_DIR)/SpeedrunApp.app/SpeedrunApp";
			};
			name = Release;
		};
/* End XCBuildConfiguration section */

/* Begin XCConfigurationList section */
		5500FB1F2195F8DC0079B15C /* Build configuration list for PBXProject "SpeedrunApp" */ = {
			isa = XCConfigurationList;
			buildConfigurations = (
				5500FB3F2195F8DD0079B15C /* Debug */,
				5500FB402195F8DD0079B15C /* Release */,
			);
			defaultConfigurationIsVisible = 0;
			defaultConfigurationName = Release;
		};
		5500FB412195F8DD0079B15C /* Build configuration list for PBXNativeTarget "SpeedrunApp" */ = {
			isa = XCConfigurationList;
			buildConfigurations = (
				5500FB422195F8DD0079B15C /* Debug */,
				5500FB432195F8DD0079B15C /* Release */,
			);
			defaultConfigurationIsVisible = 0;
			defaultConfigurationName = Release;
		};
		5500FB442195F8DD0079B15C /* Build configuration list for PBXNativeTarget "SpeedrunAppTests" */ = {
			isa = XCConfigurationList;
			buildConfigurations = (
				5500FB452195F8DD0079B15C /* Debug */,
				5500FB462195F8DD0079B15C /* Release */,
			);
			defaultConfigurationIsVisible = 0;
			defaultConfigurationName = Release;
		};
/* End XCConfigurationList section */
	};
	rootObject = 5500FB1C2195F8DC0079B15C /* Project object */;
}
